
Microsoft Visual Studio Solution File, Format Version 12.00
# Visual Studio Version 17
VisualStudioVersion = 17.8.34322.80
MinimumVisualStudioVersion = 10.0.40219.1
Project("{FAE04EC0-301F-11D3-BF4B-00C04F79EFBC}") = "cat-frontend", "cat-frontend.csproj", "{DEF2CAFE-72CF-435C-91D8-C968CE84DB6E}"
EndProject
Project("{FAE04EC0-301F-11D3-BF4B-00C04F79EFBC}") = "CatApiLib", "..\CatApiLib\CatApiLib.csproj", "{5570A07D-DACD-406D-AB23-C352B9A7EA73}"
EndProject
Global
	GlobalSection(SolutionConfigurationPlatforms) = preSolution
		Debug|Any CPU = Debug|Any CPU
		Release|Any CPU = Release|Any CPU
	EndGlobalSection
	GlobalSection(ProjectConfigurationPlatforms) = postSolution
		{DEF2CAFE-72CF-435C-91D8-C968CE84DB6E}.Debug|Any CPU.ActiveCfg = Debug|Any CPU
		{DEF2CAFE-72CF-435C-91D8-C968CE84DB6E}.Debug|Any CPU.Build.0 = Debug|Any CPU
		{DEF2CAFE-72CF-435C-91D8-C968CE84DB6E}.Release|Any CPU.ActiveCfg = Release|Any CPU
		{DEF2CAFE-72CF-435C-91D8-C968CE84DB6E}.Release|Any CPU.Build.0 = Release|Any CPU
		{5570A07D-DACD-406D-AB23-C352B9A7EA73}.Debug|Any CPU.ActiveCfg = Debug|Any CPU
		{5570A07D-DACD-406D-AB23-C352B9A7EA73}.Debug|Any CPU.Build.0 = Debug|Any CPU
		{5570A07D-DACD-406D-AB23-C352B9A7EA73}.Release|Any CPU.ActiveCfg = Release|Any CPU
		{5570A07D-DACD-406D-AB23-C352B9A7EA73}.Release|Any CPU.Build.0 = Release|Any CPU
	EndGlobalSection
	GlobalSection(SolutionProperties) = preSolution
		HideSolutionNode = FALSE
	EndGlobalSection
	GlobalSection(ExtensibilityGlobals) = postSolution
		SolutionGuid = {A6F138CE-F4F1-45A9-A72B-788C83417E0F}
	EndGlobalSection
EndGlobal
